
Microsoft Visual Studio Solution File, Format Version 12.00
# Visual Studio 14
VisualStudioVersion = 14.0.24720.0
MinimumVisualStudioVersion = 10.0.40219.1
Project("{2150E333-8FDC-42A3-9474-1A3956D46DE8}") = "Engine", "Engine", "{E857A6EC-3D10-4173-9321-8BD1D010DBD6}"
EndProject
Project("{2150E333-8FDC-42A3-9474-1A3956D46DE8}") = "Games", "Games", "{ABF917D9-D281-4E45-83B6-233D23DCFFC7}"
EndProject
Project("{8BC9CEB8-8B4A-11D0-8D11-00A0C91BC942}") = "UE4", "Intermediate\ProjectFiles\UE4.vcxproj", "{3B70EAD0-BC63-451E-9929-282DD1F740EF}"
EndProject
Project("{8BC9CEB8-8B4A-11D0-8D11-00A0C91BC942}") = "MPFPS", "Intermediate\ProjectFiles\MPFPS.vcxproj", "{5A630D9E-41C9-49CE-8D95-6E2B34FA8F8F}"
EndProject
Global
	GlobalSection(SolutionConfigurationPlatforms) = preSolution
		DebugGame Editor|HTML5 = DebugGame Editor|HTML5
		DebugGame Editor|Win32 = DebugGame Editor|Win32
		DebugGame Editor|Win64 = DebugGame Editor|Win64
		DebugGame|HTML5 = DebugGame|HTML5
		DebugGame|Win32 = DebugGame|Win32
		DebugGame|Win64 = DebugGame|Win64
		Development Editor|HTML5 = Development Editor|HTML5
		Development Editor|Win32 = Development Editor|Win32
		Development Editor|Win64 = Development Editor|Win64
		Development|HTML5 = Development|HTML5
		Development|Win32 = Development|Win32
		Development|Win64 = Development|Win64
		Shipping|HTML5 = Shipping|HTML5
		Shipping|Win32 = Shipping|Win32
		Shipping|Win64 = Shipping|Win64
	EndGlobalSection
	GlobalSection(ProjectConfigurationPlatforms) = postSolution
		{3B70EAD0-BC63-451E-9929-282DD1F740EF}.DebugGame Editor|HTML5.ActiveCfg = BuiltWithUnrealBuildTool|Win32
		{3B70EAD0-BC63-451E-9929-282DD1F740EF}.DebugGame Editor|HTML5.Build.0 = BuiltWithUnrealBuildTool|Win32
		{3B70EAD0-BC63-451E-9929-282DD1F740EF}.DebugGame Editor|Win32.ActiveCfg = BuiltWithUnrealBuildTool|Win32
		{3B70EAD0-BC63-451E-9929-282DD1F740EF}.DebugGame Editor|Win32.Build.0 = BuiltWithUnrealBuildTool|Win32
		{3B70EAD0-BC63-451E-9929-282DD1F740EF}.DebugGame Editor|Win64.ActiveCfg = BuiltWithUnrealBuildTool|Win32
		{3B70EAD0-BC63-451E-9929-282DD1F740EF}.DebugGame Editor|Win64.Build.0 = BuiltWithUnrealBuildTool|Win32
		{3B70EAD0-BC63-451E-9929-282DD1F740EF}.DebugGame|HTML5.ActiveCfg = BuiltWithUnrealBuildTool|Win32
		{3B70EAD0-BC63-451E-9929-282DD1F740EF}.DebugGame|HTML5.Build.0 = BuiltWithUnrealBuildTool|Win32
		{3B70EAD0-BC63-451E-9929-282DD1F740EF}.DebugGame|Win32.ActiveCfg = BuiltWithUnrealBuildTool|Win32
		{3B70EAD0-BC63-451E-9929-282DD1F740EF}.DebugGame|Win32.Build.0 = BuiltWithUnrealBuildTool|Win32
		{3B70EAD0-BC63-451E-9929-282DD1F740EF}.DebugGame|Win64.ActiveCfg = BuiltWithUnrealBuildTool|Win32
		{3B70EAD0-BC63-451E-9929-282DD1F740EF}.DebugGame|Win64.Build.0 = BuiltWithUnrealBuildTool|Win32
		{3B70EAD0-BC63-451E-9929-282DD1F740EF}.Development Editor|HTML5.ActiveCfg = BuiltWithUnrealBuildTool|Win32
		{3B70EAD0-BC63-451E-9929-282DD1F740EF}.Development Editor|HTML5.Build.0 = BuiltWithUnrealBuildTool|Win32
		{3B70EAD0-BC63-451E-9929-282DD1F740EF}.Development Editor|Win32.ActiveCfg = BuiltWithUnrealBuildTool|Win32
		{3B70EAD0-BC63-451E-9929-282DD1F740EF}.Development Editor|Win32.Build.0 = BuiltWithUnrealBuildTool|Win32
		{3B70EAD0-BC63-451E-9929-282DD1F740EF}.Development Editor|Win64.ActiveCfg = BuiltWithUnrealBuildTool|Win32
		{3B70EAD0-BC63-451E-9929-282DD1F740EF}.Development Editor|Win64.Build.0 = BuiltWithUnrealBuildTool|Win32
		{3B70EAD0-BC63-451E-9929-282DD1F740EF}.Development|HTML5.ActiveCfg = BuiltWithUnrealBuildTool|Win32
		{3B70EAD0-BC63-451E-9929-282DD1F740EF}.Development|HTML5.Build.0 = BuiltWithUnrealBuildTool|Win32
		{3B70EAD0-BC63-451E-9929-282DD1F740EF}.Development|Win32.ActiveCfg = BuiltWithUnrealBuildTool|Win32
		{3B70EAD0-BC63-451E-9929-282DD1F740EF}.Development|Win32.Build.0 = BuiltWithUnrealBuildTool|Win32
		{3B70EAD0-BC63-451E-9929-282DD1F740EF}.Development|Win64.ActiveCfg = BuiltWithUnrealBuildTool|Win32
		{3B70EAD0-BC63-451E-9929-282DD1F740EF}.Development|Win64.Build.0 = BuiltWithUnrealBuildTool|Win32
		{3B70EAD0-BC63-451E-9929-282DD1F740EF}.Shipping|HTML5.ActiveCfg = BuiltWithUnrealBuildTool|Win32
		{3B70EAD0-BC63-451E-9929-282DD1F740EF}.Shipping|HTML5.Build.0 = BuiltWithUnrealBuildTool|Win32
		{3B70EAD0-BC63-451E-9929-282DD1F740EF}.Shipping|Win32.ActiveCfg = BuiltWithUnrealBuildTool|Win32
		{3B70EAD0-BC63-451E-9929-282DD1F740EF}.Shipping|Win32.Build.0 = BuiltWithUnrealBuildTool|Win32
		{3B70EAD0-BC63-451E-9929-282DD1F740EF}.Shipping|Win64.ActiveCfg = BuiltWithUnrealBuildTool|Win32
		{3B70EAD0-BC63-451E-9929-282DD1F740EF}.Shipping|Win64.Build.0 = BuiltWithUnrealBuildTool|Win32
		{5A630D9E-41C9-49CE-8D95-6E2B34FA8F8F}.DebugGame Editor|HTML5.ActiveCfg = HTML5_DebugGame_Editor|Win32
		{5A630D9E-41C9-49CE-8D95-6E2B34FA8F8F}.DebugGame Editor|Win32.ActiveCfg = DebugGame_Editor|Win32
		{5A630D9E-41C9-49CE-8D95-6E2B34FA8F8F}.DebugGame Editor|Win64.ActiveCfg = DebugGame_Editor|x64
		{5A630D9E-41C9-49CE-8D95-6E2B34FA8F8F}.DebugGame Editor|Win64.Build.0 = DebugGame_Editor|x64
		{5A630D9E-41C9-49CE-8D95-6E2B34FA8F8F}.DebugGame|HTML5.ActiveCfg = HTML5_DebugGame_Game|Win32
		{5A630D9E-41C9-49CE-8D95-6E2B34FA8F8F}.DebugGame|HTML5.Build.0 = HTML5_DebugGame_Game|Win32
		{5A630D9E-41C9-49CE-8D95-6E2B34FA8F8F}.DebugGame|Win32.ActiveCfg = DebugGame_Game|Win32
		{5A630D9E-41C9-49CE-8D95-6E2B34FA8F8F}.DebugGame|Win32.Build.0 = DebugGame_Game|Win32
		{5A630D9E-41C9-49CE-8D95-6E2B34FA8F8F}.DebugGame|Win64.ActiveCfg = DebugGame_Game|x64
		{5A630D9E-41C9-49CE-8D95-6E2B34FA8F8F}.DebugGame|Win64.Build.0 = DebugGame_Game|x64
		{5A630D9E-41C9-49CE-8D95-6E2B34FA8F8F}.Development Editor|HTML5.ActiveCfg = HTML5_Development_Editor|Win32
		{5A630D9E-41C9-49CE-8D95-6E2B34FA8F8F}.Development Editor|Win32.ActiveCfg = Development_Editor|Win32
		{5A630D9E-41C9-49CE-8D95-6E2B34FA8F8F}.Development Editor|Win64.ActiveCfg = Development_Editor|x64
		{5A630D9E-41C9-49CE-8D95-6E2B34FA8F8F}.Development Editor|Win64.Build.0 = Development_Editor|x64
		{5A630D9E-41C9-49CE-8D95-6E2B34FA8F8F}.Development|HTML5.ActiveCfg = HTML5_Development_Game|Win32
		{5A630D9E-41C9-49CE-8D95-6E2B34FA8F8F}.Development|HTML5.Build.0 = HTML5_Development_Game|Win32
		{5A630D9E-41C9-49CE-8D95-6E2B34FA8F8F}.Development|Win32.ActiveCfg = Development_Game|Win32
		{5A630D9E-41C9-49CE-8D95-6E2B34FA8F8F}.Development|Win32.Build.0 = Development_Game|Win32
		{5A630D9E-41C9-49CE-8D95-6E2B34FA8F8F}.Development|Win64.ActiveCfg = Development_Game|x64
		{5A630D9E-41C9-49CE-8D95-6E2B34FA8F8F}.Development|Win64.Build.0 = Development_Game|x64
		{5A630D9E-41C9-49CE-8D95-6E2B34FA8F8F}.Shipping|HTML5.ActiveCfg = HTML5_Shipping_Game|Win32
		{5A630D9E-41C9-49CE-8D95-6E2B34FA8F8F}.Shipping|HTML5.Build.0 = HTML5_Shipping_Game|Win32
		{5A630D9E-41C9-49CE-8D95-6E2B34FA8F8F}.Shipping|Win32.ActiveCfg = Shipping_Game|Win32
		{5A630D9E-41C9-49CE-8D95-6E2B34FA8F8F}.Shipping|Win32.Build.0 = Shipping_Game|Win32
		{5A630D9E-41C9-49CE-8D95-6E2B34FA8F8F}.Shipping|Win64.ActiveCfg = Shipping_Game|x64
		{5A630D9E-41C9-49CE-8D95-6E2B34FA8F8F}.Shipping|Win64.Build.0 = Shipping_Game|x64
	EndGlobalSection
	GlobalSection(SolutionProperties) = preSolution
		HideSolutionNode = FALSE
	EndGlobalSection
	GlobalSection(NestedProjects) = preSolution
		{3B70EAD0-BC63-451E-9929-282DD1F740EF} = {E857A6EC-3D10-4173-9321-8BD1D010DBD6}
		{5A630D9E-41C9-49CE-8D95-6E2B34FA8F8F} = {ABF917D9-D281-4E45-83B6-233D23DCFFC7}
	EndGlobalSection
EndGlobal
